// !$*UTF8*$!
{
	archiveVersion = 1;
	classes = {
	};
	objectVersion = 46;
	objects = {

/* Begin PBXBuildFile section */
		A07C55321578FA2D0006E161 /* UIKit.framework in Frameworks */ = {isa = PBXBuildFile; fileRef = A07C55311578FA2D0006E161 /* UIKit.framework */; };
		A07C55341578FA2D0006E161 /* Foundation.framework in Frameworks */ = {isa = PBXBuildFile; fileRef = A07C55331578FA2D0006E161 /* Foundation.framework */; };
		A07C55361578FA2D0006E161 /* CoreGraphics.framework in Frameworks */ = {isa = PBXBuildFile; fileRef = A07C55351578FA2D0006E161 /* CoreGraphics.framework */; };
		A07C55501578FA2D0006E161 /* SenTestingKit.framework in Frameworks */ = {isa = PBXBuildFile; fileRef = A07C554F1578FA2D0006E161 /* SenTestingKit.framework */; };
		A07C55511578FA2D0006E161 /* UIKit.framework in Frameworks */ = {isa = PBXBuildFile; fileRef = A07C55311578FA2D0006E161 /* UIKit.framework */; };
		A07C55521578FA2D0006E161 /* Foundation.framework in Frameworks */ = {isa = PBXBuildFile; fileRef = A07C55331578FA2D0006E161 /* Foundation.framework */; };
		A0BD93CF15A75B7300776632 /* BSCButtonBarController.m in Sources */ = {isa = PBXBuildFile; fileRef = A0BD93CE15A75B7300776632 /* BSCButtonBarController.m */; };
		A0BD93D515A75C0600776632 /* BSCViewController.m in Sources */ = {isa = PBXBuildFile; fileRef = A0BD93D315A75C0600776632 /* BSCViewController.m */; };
		A0BD93D615A75C0600776632 /* BSCAppDelegate.m in Sources */ = {isa = PBXBuildFile; fileRef = A0BD93D415A75C0600776632 /* BSCAppDelegate.m */; };
		A0BD93DD15A75C5400776632 /* ButtonBarNippleDn.png in Resources */ = {isa = PBXBuildFile; fileRef = A0BD93D815A75C5400776632 /* ButtonBarNippleDn.png */; };
		A0BD93DE15A75C5400776632 /* ButtonBarNipple.png in Resources */ = {isa = PBXBuildFile; fileRef = A0BD93D915A75C5400776632 /* ButtonBarNipple.png */; };
		A0BD93DF15A75C5400776632 /* ButtonBarNipple@2x.png in Resources */ = {isa = PBXBuildFile; fileRef = A0BD93DA15A75C5400776632 /* ButtonBarNipple@2x.png */; };
		A0BD93E015A75C5400776632 /* ButtonBar-Info.plist in Resources */ = {isa = PBXBuildFile; fileRef = A0BD93DB15A75C5400776632 /* ButtonBar-Info.plist */; };
		A0BD93E215A75CFF00776632 /* main.m in Sources */ = {isa = PBXBuildFile; fileRef = A0BD93E115A75CFF00776632 /* main.m */; };
		A0BD93E715A75D1D00776632 /* BSCViewController.xib in Resources */ = {isa = PBXBuildFile; fileRef = A0BD93E315A75D1D00776632 /* BSCViewController.xib */; };
		A0BD93E815A75D1D00776632 /* InfoPlist.strings in Resources */ = {isa = PBXBuildFile; fileRef = A0BD93E515A75D1D00776632 /* InfoPlist.strings */; };
		A0BD93EB15A75D6F00776632 /* ButtonBarTests.m in Sources */ = {isa = PBXBuildFile; fileRef = A0BD93EA15A75D6F00776632 /* ButtonBarTests.m */; };
		A0BD93ED15A75D8400776632 /* ButtonBarTests-Info.plist in Resources */ = {isa = PBXBuildFile; fileRef = A0BD93EC15A75D8400776632 /* ButtonBarTests-Info.plist */; };
		A0BD93F015A75D8C00776632 /* InfoPlist.strings in Resources */ = {isa = PBXBuildFile; fileRef = A0BD93EE15A75D8C00776632 /* InfoPlist.strings */; };
/* End PBXBuildFile section */

/* Begin PBXContainerItemProxy section */
		A07C55531578FA2D0006E161 /* PBXContainerItemProxy */ = {
			isa = PBXContainerItemProxy;
			containerPortal = A07C55241578FA2D0006E161 /* Project object */;
			proxyType = 1;
			remoteGlobalIDString = A07C552C1578FA2D0006E161;
			remoteInfo = TabBarHeader;
		};
/* End PBXContainerItemProxy section */

/* Begin PBXFileReference section */
		A07C552D1578FA2D0006E161 /* ButtonBar.app */ = {isa = PBXFileReference; explicitFileType = wrapper.application; includeInIndex = 0; path = ButtonBar.app; sourceTree = BUILT_PRODUCTS_DIR; };
		A07C55311578FA2D0006E161 /* UIKit.framework */ = {isa = PBXFileReference; lastKnownFileType = wrapper.framework; name = UIKit.framework; path = System/Library/Frameworks/UIKit.framework; sourceTree = SDKROOT; };
		A07C55331578FA2D0006E161 /* Foundation.framework */ = {isa = PBXFileReference; lastKnownFileType = wrapper.framework; name = Foundation.framework; path = System/Library/Frameworks/Foundation.framework; sourceTree = SDKROOT; };
		A07C55351578FA2D0006E161 /* CoreGraphics.framework */ = {isa = PBXFileReference; lastKnownFileType = wrapper.framework; name = CoreGraphics.framework; path = System/Library/Frameworks/CoreGraphics.framework; sourceTree = SDKROOT; };
		A07C554E1578FA2D0006E161 /* ButtonBarTests.octest */ = {isa = PBXFileReference; explicitFileType = wrapper.cfbundle; includeInIndex = 0; path = ButtonBarTests.octest; sourceTree = BUILT_PRODUCTS_DIR; };
		A07C554F1578FA2D0006E161 /* SenTestingKit.framework */ = {isa = PBXFileReference; lastKnownFileType = wrapper.framework; name = SenTestingKit.framework; path = Library/Frameworks/SenTestingKit.framework; sourceTree = DEVELOPER_DIR; };
		A0BD93CD15A75B7300776632 /* BSCButtonBarController.h */ = {isa = PBXFileReference; fileEncoding = 4; lastKnownFileType = sourcecode.c.h; name = BSCButtonBarController.h; path = Classes/BSCButtonBarController.h; sourceTree = "<group>"; };
		A0BD93CE15A75B7300776632 /* BSCButtonBarController.m */ = {isa = PBXFileReference; fileEncoding = 4; lastKnownFileType = sourcecode.c.objc; name = BSCButtonBarController.m; path = Classes/BSCButtonBarController.m; sourceTree = "<group>"; };
		A0BD93D115A75C0600776632 /* BSCViewController.h */ = {isa = PBXFileReference; fileEncoding = 4; lastKnownFileType = sourcecode.c.h; name = BSCViewController.h; path = Example/BSCViewController.h; sourceTree = "<group>"; };
		A0BD93D215A75C0600776632 /* BSCAppDelegate.h */ = {isa = PBXFileReference; fileEncoding = 4; lastKnownFileType = sourcecode.c.h; name = BSCAppDelegate.h; path = Example/BSCAppDelegate.h; sourceTree = "<group>"; };
		A0BD93D315A75C0600776632 /* BSCViewController.m */ = {isa = PBXFileReference; fileEncoding = 4; lastKnownFileType = sourcecode.c.objc; name = BSCViewController.m; path = Example/BSCViewController.m; sourceTree = "<group>"; };
		A0BD93D415A75C0600776632 /* BSCAppDelegate.m */ = {isa = PBXFileReference; fileEncoding = 4; lastKnownFileType = sourcecode.c.objc; name = BSCAppDelegate.m; path = Example/BSCAppDelegate.m; sourceTree = "<group>"; };
		A0BD93D815A75C5400776632 /* ButtonBarNippleDn.png */ = {isa = PBXFileReference; lastKnownFileType = image.png; name = ButtonBarNippleDn.png; path = Example/ButtonBarNippleDn.png; sourceTree = "<group>"; };
		A0BD93D915A75C5400776632 /* ButtonBarNipple.png */ = {isa = PBXFileReference; lastKnownFileType = image.png; name = ButtonBarNipple.png; path = Example/ButtonBarNipple.png; sourceTree = "<group>"; };
		A0BD93DA15A75C5400776632 /* ButtonBarNipple@2x.png */ = {isa = PBXFileReference; lastKnownFileType = image.png; name = "ButtonBarNipple@2x.png"; path = "Example/ButtonBarNipple@2x.png"; sourceTree = "<group>"; };
		A0BD93DB15A75C5400776632 /* ButtonBar-Info.plist */ = {isa = PBXFileReference; fileEncoding = 4; lastKnownFileType = text.plist.xml; name = "ButtonBar-Info.plist"; path = "Example/ButtonBar-Info.plist"; sourceTree = "<group>"; };
		A0BD93DC15A75C5400776632 /* ButtonBar-Prefix.pch */ = {isa = PBXFileReference; fileEncoding = 4; lastKnownFileType = sourcecode.c.h; name = "ButtonBar-Prefix.pch"; path = "Example/ButtonBar-Prefix.pch"; sourceTree = "<group>"; };
		A0BD93E115A75CFF00776632 /* main.m */ = {isa = PBXFileReference; fileEncoding = 4; lastKnownFileType = sourcecode.c.objc; name = main.m; path = Example/main.m; sourceTree = "<group>"; };
		A0BD93E415A75D1D00776632 /* en */ = {isa = PBXFileReference; lastKnownFileType = file.xib; name = en; path = Example/en.lproj/BSCViewController.xib; sourceTree = "<group>"; };
		A0BD93E615A75D1D00776632 /* en */ = {isa = PBXFileReference; lastKnownFileType = text.plist.strings; name = en; path = Example/en.lproj/InfoPlist.strings; sourceTree = "<group>"; };
		A0BD93E915A75D6F00776632 /* ButtonBarTests.h */ = {isa = PBXFileReference; fileEncoding = 4; lastKnownFileType = sourcecode.c.h; name = ButtonBarTests.h; path = Tests/ButtonBarTests.h; sourceTree = SOURCE_ROOT; };
		A0BD93EA15A75D6F00776632 /* ButtonBarTests.m */ = {isa = PBXFileReference; fileEncoding = 4; lastKnownFileType = sourcecode.c.objc; name = ButtonBarTests.m; path = Tests/ButtonBarTests.m; sourceTree = SOURCE_ROOT; };
		A0BD93EC15A75D8400776632 /* ButtonBarTests-Info.plist */ = {isa = PBXFileReference; fileEncoding = 4; lastKnownFileType = text.plist.xml; name = "ButtonBarTests-Info.plist"; path = "Tests/ButtonBarTests-Info.plist"; sourceTree = SOURCE_ROOT; };
		A0BD93EF15A75D8C00776632 /* en */ = {isa = PBXFileReference; lastKnownFileType = text.plist.strings; name = en; path = Tests/en.lproj/InfoPlist.strings; sourceTree = SOURCE_ROOT; };
/* End PBXFileReference section */

/* Begin PBXFrameworksBuildPhase section */
		A07C552A1578FA2D0006E161 /* Frameworks */ = {
			isa = PBXFrameworksBuildPhase;
			buildActionMask = 2147483647;
			files = (
				A07C55321578FA2D0006E161 /* UIKit.framework in Frameworks */,
				A07C55341578FA2D0006E161 /* Foundation.framework in Frameworks */,
				A07C55361578FA2D0006E161 /* CoreGraphics.framework in Frameworks */,
			);
			runOnlyForDeploymentPostprocessing = 0;
		};
		A07C554A1578FA2D0006E161 /* Frameworks */ = {
			isa = PBXFrameworksBuildPhase;
			buildActionMask = 2147483647;
			files = (
				A07C55501578FA2D0006E161 /* SenTestingKit.framework in Frameworks */,
				A07C55511578FA2D0006E161 /* UIKit.framework in Frameworks */,
				A07C55521578FA2D0006E161 /* Foundation.framework in Frameworks */,
			);
			runOnlyForDeploymentPostprocessing = 0;
		};
/* End PBXFrameworksBuildPhase section */

/* Begin PBXGroup section */
		A07C55221578FA2D0006E161 = {
			isa = PBXGroup;
			children = (
				A0BD93D715A75C3200776632 /* Supporting Files */,
				A0BD93D015A75BE100776632 /* Example */,
				A0BD93CC15A75B5900776632 /* Classes */,
				A07C55551578FA2D0006E161 /* ButtonBarTests */,
				A07C55301578FA2D0006E161 /* Frameworks */,
				A07C552E1578FA2D0006E161 /* Products */,
			);
			sourceTree = "<group>";
		};
		A07C552E1578FA2D0006E161 /* Products */ = {
			isa = PBXGroup;
			children = (
				A07C552D1578FA2D0006E161 /* ButtonBar.app */,
				A07C554E1578FA2D0006E161 /* ButtonBarTests.octest */,
			);
			name = Products;
			sourceTree = "<group>";
		};
		A07C55301578FA2D0006E161 /* Frameworks */ = {
			isa = PBXGroup;
			children = (
				A07C55311578FA2D0006E161 /* UIKit.framework */,
				A07C55331578FA2D0006E161 /* Foundation.framework */,
				A07C55351578FA2D0006E161 /* CoreGraphics.framework */,
				A07C554F1578FA2D0006E161 /* SenTestingKit.framework */,
			);
			name = Frameworks;
			sourceTree = "<group>";
		};
		A07C55551578FA2D0006E161 /* ButtonBarTests */ = {
			isa = PBXGroup;
			children = (
				A0BD93E915A75D6F00776632 /* ButtonBarTests.h */,
				A0BD93EA15A75D6F00776632 /* ButtonBarTests.m */,
				A07C55561578FA2D0006E161 /* Supporting Files */,
			);
			name = ButtonBarTests;
			path = TabBarHeaderTests;
			sourceTree = "<group>";
		};
		A07C55561578FA2D0006E161 /* Supporting Files */ = {
			isa = PBXGroup;
			children = (
				A0BD93EE15A75D8C00776632 /* InfoPlist.strings */,
				A0BD93EC15A75D8400776632 /* ButtonBarTests-Info.plist */,
			);
			name = "Supporting Files";
			sourceTree = "<group>";
		};
		A0BD93CC15A75B5900776632 /* Classes */ = {
			isa = PBXGroup;
			children = (
				A0BD93CD15A75B7300776632 /* BSCButtonBarController.h */,
				A0BD93CE15A75B7300776632 /* BSCButtonBarController.m */,
			);
			name = Classes;
			sourceTree = "<group>";
		};
		A0BD93D015A75BE100776632 /* Example */ = {
			isa = PBXGroup;
			children = (
				A0BD93D115A75C0600776632 /* BSCViewController.h */,
				A0BD93D215A75C0600776632 /* BSCAppDelegate.h */,
				A0BD93D315A75C0600776632 /* BSCViewController.m */,
				A0BD93D415A75C0600776632 /* BSCAppDelegate.m */,
			);
			name = Example;
			sourceTree = "<group>";
		};
		A0BD93D715A75C3200776632 /* Supporting Files */ = {
			isa = PBXGroup;
			children = (
				A0BD93E315A75D1D00776632 /* BSCViewController.xib */,
				A0BD93E515A75D1D00776632 /* InfoPlist.strings */,
				A0BD93E115A75CFF00776632 /* main.m */,
				A0BD93D815A75C5400776632 /* ButtonBarNippleDn.png */,
				A0BD93D915A75C5400776632 /* ButtonBarNipple.png */,
				A0BD93DA15A75C5400776632 /* ButtonBarNipple@2x.png */,
				A0BD93DB15A75C5400776632 /* ButtonBar-Info.plist */,
				A0BD93DC15A75C5400776632 /* ButtonBar-Prefix.pch */,
			);
			name = "Supporting Files";
			sourceTree = "<group>";
		};
/* End PBXGroup section */

/* Begin PBXNativeTarget section */
		A07C552C1578FA2D0006E161 /* ButtonBar */ = {
			isa = PBXNativeTarget;
			buildConfigurationList = A07C55601578FA2D0006E161 /* Build configuration list for PBXNativeTarget "ButtonBar" */;
			buildPhases = (
				A07C55291578FA2D0006E161 /* Sources */,
				A07C552A1578FA2D0006E161 /* Frameworks */,
				A07C552B1578FA2D0006E161 /* Resources */,
			);
			buildRules = (
			);
			dependencies = (
			);
			name = ButtonBar;
			productName = TabBarHeader;
			productReference = A07C552D1578FA2D0006E161 /* ButtonBar.app */;
			productType = "com.apple.product-type.application";
		};
		A07C554D1578FA2D0006E161 /* ButtonBarTests */ = {
			isa = PBXNativeTarget;
			buildConfigurationList = A07C55631578FA2D0006E161 /* Build configuration list for PBXNativeTarget "ButtonBarTests" */;
			buildPhases = (
				A07C55491578FA2D0006E161 /* Sources */,
				A07C554A1578FA2D0006E161 /* Frameworks */,
				A07C554B1578FA2D0006E161 /* Resources */,
				A07C554C1578FA2D0006E161 /* ShellScript */,
			);
			buildRules = (
			);
			dependencies = (
				A07C55541578FA2D0006E161 /* PBXTargetDependency */,
			);
			name = ButtonBarTests;
			productName = TabBarHeaderTests;
			productReference = A07C554E1578FA2D0006E161 /* ButtonBarTests.octest */;
			productType = "com.apple.product-type.bundle";
		};
/* End PBXNativeTarget section */

/* Begin PBXProject section */
		A07C55241578FA2D0006E161 /* Project object */ = {
			isa = PBXProject;
			attributes = {
				LastUpgradeCheck = 0420;
			};
			buildConfigurationList = A07C55271578FA2D0006E161 /* Build configuration list for PBXProject "ButtonBar" */;
			compatibilityVersion = "Xcode 3.2";
			developmentRegion = English;
			hasScannedForEncodings = 0;
			knownRegions = (
				en,
			);
			mainGroup = A07C55221578FA2D0006E161;
			productRefGroup = A07C552E1578FA2D0006E161 /* Products */;
			projectDirPath = "";
			projectRoot = "";
			targets = (
				A07C552C1578FA2D0006E161 /* ButtonBar */,
				A07C554D1578FA2D0006E161 /* ButtonBarTests */,
			);
		};
/* End PBXProject section */

/* Begin PBXResourcesBuildPhase section */
		A07C552B1578FA2D0006E161 /* Resources */ = {
			isa = PBXResourcesBuildPhase;
			buildActionMask = 2147483647;
			files = (
				A0BD93DD15A75C5400776632 /* ButtonBarNippleDn.png in Resources */,
				A0BD93DE15A75C5400776632 /* ButtonBarNipple.png in Resources */,
				A0BD93DF15A75C5400776632 /* ButtonBarNipple@2x.png in Resources */,
				A0BD93E015A75C5400776632 /* ButtonBar-Info.plist in Resources */,
				A0BD93E715A75D1D00776632 /* BSCViewController.xib in Resources */,
				A0BD93E815A75D1D00776632 /* InfoPlist.strings in Resources */,
			);
			runOnlyForDeploymentPostprocessing = 0;
		};
		A07C554B1578FA2D0006E161 /* Resources */ = {
			isa = PBXResourcesBuildPhase;
			buildActionMask = 2147483647;
			files = (
				A0BD93ED15A75D8400776632 /* ButtonBarTests-Info.plist in Resources */,
				A0BD93F015A75D8C00776632 /* InfoPlist.strings in Resources */,
			);
			runOnlyForDeploymentPostprocessing = 0;
		};
/* End PBXResourcesBuildPhase section */

/* Begin PBXShellScriptBuildPhase section */
		A07C554C1578FA2D0006E161 /* ShellScript */ = {
			isa = PBXShellScriptBuildPhase;
			buildActionMask = 2147483647;
			files = (
			);
			inputPaths = (
			);
			outputPaths = (
			);
			runOnlyForDeploymentPostprocessing = 0;
			shellPath = /bin/sh;
			shellScript = "# Run the unit tests in this test bundle.\n\"${SYSTEM_DEVELOPER_DIR}/Tools/RunUnitTests\"\n";
		};
/* End PBXShellScriptBuildPhase section */

/* Begin PBXSourcesBuildPhase section */
		A07C55291578FA2D0006E161 /* Sources */ = {
			isa = PBXSourcesBuildPhase;
			buildActionMask = 2147483647;
			files = (
				A0BD93CF15A75B7300776632 /* BSCButtonBarController.m in Sources */,
				A0BD93D515A75C0600776632 /* BSCViewController.m in Sources */,
				A0BD93D615A75C0600776632 /* BSCAppDelegate.m in Sources */,
				A0BD93E215A75CFF00776632 /* main.m in Sources */,
			);
			runOnlyForDeploymentPostprocessing = 0;
		};
		A07C55491578FA2D0006E161 /* Sources */ = {
			isa = PBXSourcesBuildPhase;
			buildActionMask = 2147483647;
			files = (
				A0BD93EB15A75D6F00776632 /* ButtonBarTests.m in Sources */,
			);
			runOnlyForDeploymentPostprocessing = 0;
		};
/* End PBXSourcesBuildPhase section */

/* Begin PBXTargetDependency section */
		A07C55541578FA2D0006E161 /* PBXTargetDependency */ = {
			isa = PBXTargetDependency;
			target = A07C552C1578FA2D0006E161 /* ButtonBar */;
			targetProxy = A07C55531578FA2D0006E161 /* PBXContainerItemProxy */;
		};
/* End PBXTargetDependency section */

/* Begin PBXVariantGroup section */
		A0BD93E315A75D1D00776632 /* BSCViewController.xib */ = {
			isa = PBXVariantGroup;
			children = (
				A0BD93E415A75D1D00776632 /* en */,
			);
			name = BSCViewController.xib;
			sourceTree = "<group>";
		};
		A0BD93E515A75D1D00776632 /* InfoPlist.strings */ = {
			isa = PBXVariantGroup;
			children = (
				A0BD93E615A75D1D00776632 /* en */,
			);
			name = InfoPlist.strings;
			sourceTree = "<group>";
		};
		A0BD93EE15A75D8C00776632 /* InfoPlist.strings */ = {
			isa = PBXVariantGroup;
			children = (
				A0BD93EF15A75D8C00776632 /* en */,
			);
			name = InfoPlist.strings;
			sourceTree = "<group>";
		};
/* End PBXVariantGroup section */

/* Begin XCBuildConfiguration section */
		A07C555E1578FA2D0006E161 /* Debug */ = {
			isa = XCBuildConfiguration;
			buildSettings = {
				ALWAYS_SEARCH_USER_PATHS = NO;
				ARCHS = "$(ARCHS_STANDARD_32_BIT)";
				CLANG_ENABLE_OBJC_ARC = YES;
				"CODE_SIGN_IDENTITY[sdk=iphoneos*]" = "iPhone Developer";
				COPY_PHASE_STRIP = NO;
				GCC_C_LANGUAGE_STANDARD = gnu99;
				GCC_DYNAMIC_NO_PIC = NO;
				GCC_OPTIMIZATION_LEVEL = 0;
				GCC_PREPROCESSOR_DEFINITIONS = (
					"DEBUG=1",
					"$(inherited)",
				);
				GCC_SYMBOLS_PRIVATE_EXTERN = NO;
				GCC_VERSION = com.apple.compilers.llvm.clang.1_0;
				GCC_WARN_ABOUT_MISSING_PROTOTYPES = YES;
				GCC_WARN_ABOUT_RETURN_TYPE = YES;
				GCC_WARN_UNUSED_VARIABLE = YES;
				IPHONEOS_DEPLOYMENT_TARGET = 5.0;
				SDKROOT = iphoneos;
			};
			name = Debug;
		};
		A07C555F1578FA2D0006E161 /* Release */ = {
			isa = XCBuildConfiguration;
			buildSettings = {
				ALWAYS_SEARCH_USER_PATHS = NO;
				ARCHS = "$(ARCHS_STANDARD_32_BIT)";
				CLANG_ENABLE_OBJC_ARC = YES;
				"CODE_SIGN_IDENTITY[sdk=iphoneos*]" = "iPhone Developer";
				COPY_PHASE_STRIP = YES;
				GCC_C_LANGUAGE_STANDARD = gnu99;
				GCC_VERSION = com.apple.compilers.llvm.clang.1_0;
				GCC_WARN_ABOUT_MISSING_PROTOTYPES = YES;
				GCC_WARN_ABOUT_RETURN_TYPE = YES;
				GCC_WARN_UNUSED_VARIABLE = YES;
				IPHONEOS_DEPLOYMENT_TARGET = 5.0;
				OTHER_CFLAGS = "-DNS_BLOCK_ASSERTIONS=1";
				SDKROOT = iphoneos;
				VALIDATE_PRODUCT = YES;
			};
			name = Release;
		};
		A07C55611578FA2D0006E161 /* Debug */ = {
			isa = XCBuildConfiguration;
			buildSettings = {
				GCC_PRECOMPILE_PREFIX_HEADER = YES;
				GCC_PREFIX_HEADER = "Example/ButtonBar-Prefix.pch";
				INFOPLIST_FILE = "Example/ButtonBar-Info.plist";
				PRODUCT_NAME = ButtonBar;
				WRAPPER_EXTENSION = app;
			};
			name = Debug;
		};
		A07C55621578FA2D0006E161 /* Release */ = {
			isa = XCBuildConfiguration;
			buildSettings = {
				GCC_PRECOMPILE_PREFIX_HEADER = YES;
				GCC_PREFIX_HEADER = "Example/ButtonBar-Prefix.pch";
				INFOPLIST_FILE = "Example/ButtonBar-Info.plist";
				PRODUCT_NAME = ButtonBar;
				WRAPPER_EXTENSION = app;
			};
			name = Release;
		};
		A07C55641578FA2D0006E161 /* Debug */ = {
			isa = XCBuildConfiguration;
			buildSettings = {
				BUNDLE_LOADER = "$(BUILT_PRODUCTS_DIR)/TabBarHeader.app/TabBarHeader";
				FRAMEWORK_SEARCH_PATHS = (
					"$(SDKROOT)/Developer/Library/Frameworks",
					"$(DEVELOPER_LIBRARY_DIR)/Frameworks",
				);
				GCC_PRECOMPILE_PREFIX_HEADER = YES;
				GCC_PREFIX_HEADER = "TabBarHeader/TabBarHeader-Prefix.pch";
				INFOPLIST_FILE = "TabBarHeaderTests/ButtonBarTests-Info.plist";
				PRODUCT_NAME = ButtonBarTests;
				TEST_HOST = "$(BUNDLE_LOADER)";
				WRAPPER_EXTENSION = octest;
			};
			name = Debug;
		};
		A07C55651578FA2D0006E161 /* Release */ = {
			isa = XCBuildConfiguration;
			buildSettings = {
				BUNDLE_LOADER = "$(BUILT_PRODUCTS_DIR)/TabBarHeader.app/TabBarHeader";
				FRAMEWORK_SEARCH_PATHS = (
					"$(SDKROOT)/Developer/Library/Frameworks",
					"$(DEVELOPER_LIBRARY_DIR)/Frameworks",
				);
				GCC_PRECOMPILE_PREFIX_HEADER = YES;
				GCC_PREFIX_HEADER = "TabBarHeader/TabBarHeader-Prefix.pch";
				INFOPLIST_FILE = "TabBarHeaderTests/ButtonBarTests-Info.plist";
				PRODUCT_NAME = ButtonBarTests;
				TEST_HOST = "$(BUNDLE_LOADER)";
				WRAPPER_EXTENSION = octest;
			};
			name = Release;
		};
/* End XCBuildConfiguration section */

/* Begin XCConfigurationList section */
		A07C55271578FA2D0006E161 /* Build configuration list for PBXProject "ButtonBar" */ = {
			isa = XCConfigurationList;
			buildConfigurations = (
				A07C555E1578FA2D0006E161 /* Debug */,
				A07C555F1578FA2D0006E161 /* Release */,
			);
			defaultConfigurationIsVisible = 0;
			defaultConfigurationName = Release;
		};
		A07C55601578FA2D0006E161 /* Build configuration list for PBXNativeTarget "ButtonBar" */ = {
			isa = XCConfigurationList;
			buildConfigurations = (
				A07C55611578FA2D0006E161 /* Debug */,
				A07C55621578FA2D0006E161 /* Release */,
			);
			defaultConfigurationIsVisible = 0;
			defaultConfigurationName = Release;
		};
		A07C55631578FA2D0006E161 /* Build configuration list for PBXNativeTarget "ButtonBarTests" */ = {
			isa = XCConfigurationList;
			buildConfigurations = (
				A07C55641578FA2D0006E161 /* Debug */,
				A07C55651578FA2D0006E161 /* Release */,
			);
			defaultConfigurationIsVisible = 0;
			defaultConfigurationName = Release;
		};
/* End XCConfigurationList section */
	};
	rootObject = A07C55241578FA2D0006E161 /* Project object */;
}
